
Microsoft Visual Studio Solution File, Format Version 12.00
# Visual Studio Version 17
VisualStudioVersion = 17.7.34018.315
MinimumVisualStudioVersion = 10.0.40219.1
Project("{FAE04EC0-301F-11D3-BF4B-00C04F79EFBC}") = "CityInfo.API", "CityInfo.API.csproj", "{92AB9B4C-2DC3-49A8-ABB9-D1B526599861}"
EndProject
Global
	GlobalSection(SolutionConfigurationPlatforms) = preSolution
		Debug|Any CPU = Debug|Any CPU
		Release|Any CPU = Release|Any CPU
	EndGlobalSection
	GlobalSection(ProjectConfigurationPlatforms) = postSolution
		{92AB9B4C-2DC3-49A8-ABB9-D1B526599861}.Debug|Any CPU.ActiveCfg = Debug|Any CPU
		{92AB9B4C-2DC3-49A8-ABB9-D1B526599861}.Debug|Any CPU.Build.0 = Debug|Any CPU
		{92AB9B4C-2DC3-49A8-ABB9-D1B526599861}.Release|Any CPU.ActiveCfg = Release|Any CPU
		{92AB9B4C-2DC3-49A8-ABB9-D1B526599861}.Release|Any CPU.Build.0 = Release|Any CPU
	EndGlobalSection
	GlobalSection(SolutionProperties) = preSolution
		HideSolutionNode = FALSE
	EndGlobalSection
	GlobalSection(ExtensibilityGlobals) = postSolution
		SolutionGuid = {1DC4FDDF-F358-44B0-9716-0C3544DB16BB}
	EndGlobalSection
EndGlobal
